PODS:
  - Alamofire (4.7.0)
  - FBSnapshotTestCase (2.1.4):
    - FBSnapshotTestCase/SwiftSupport (= 2.1.4)
  - FBSnapshotTestCase/Core (2.1.4)
  - FBSnapshotTestCase/SwiftSupport (2.1.4):
    - FBSnapshotTestCase/Core
  - Kingfisher (3.13.1)
  - Moya/Core (8.0.5):
    - Alamofire (~> 4.1)
    - Result (~> 3.0)
  - Moya/RxSwift (8.0.5):
    - Moya/Core
    - RxSwift (~> 3.0)
  - Nimble (7.0.3)
  - Nimble-Snapshots (6.3.0):
    - Nimble-Snapshots/Core (= 6.3.0)
  - Nimble-Snapshots/Core (6.3.0):
    - FBSnapshotTestCase (~> 2.0)
    - Nimble (~> 7.0)
  - Quick (1.2.0)
  - Result (3.2.4)
  - Reusable (4.0.2):
    - Reusable/Storyboard (= 4.0.2)
    - Reusable/View (= 4.0.2)
  - Reusable/Storyboard (4.0.2)
  - Reusable/View (4.0.2)
  - RxCocoa (3.5.0):
    - RxSwift (~> 3.4)
  - RxSwift (3.5.0)
  - SwiftyJSON (4.0.0)
  - YoutubeSourceParserKit (0.2.4)

DEPENDENCIES:
  - Kingfisher (~> 3.13.1)
  - Moya/RxSwift (from `https://github.com/Moya/Moya.git`, tag `8.0.5`)
  - Nimble
  - Nimble-Snapshots
  - Quick
  - Reusable
  - RxCocoa (~> 3.5.0)
  - RxSwift (~> 3.5.0)
  - SwiftyJSON
  - YoutubeSourceParserKit (from `https://github.com/lennet/YoutubeSourceParserKit`, branch `master`)

SPEC REPOS:
  https://github.com/cocoapods/specs.git:
    - Alamofire
    - FBSnapshotTestCase
    - Kingfisher
    - Nimble
    - Nimble-Snapshots
    - Quick
    - Result
    - Reusable
    - RxCocoa
    - RxSwift
    - SwiftyJSON

EXTERNAL SOURCES:
  Moya:
    :git: https://github.com/Moya/Moya.git
    :tag: 8.0.5
  YoutubeSourceParserKit:
    :branch: master
    :git: https://github.com/lennet/YoutubeSourceParserKit

CHECKOUT OPTIONS:
  Moya:
    :git: https://github.com/Moya/Moya.git
    :tag: 8.0.5
  YoutubeSourceParserKit:
    :commit: 98f3bcf9886c20eefd82249a6cfbb3068ad86b80
    :git: https://github.com/lennet/YoutubeSourceParserKit

SPEC CHECKSUMS:
  Alamofire: 907e0a98eb68cdb7f9d1f541a563d6ac5dc77b25
  FBSnapshotTestCase: 094f9f314decbabe373b87cc339bea235a63e07a
  Kingfisher: ed9707a409cc47fddafbcd12a43a9757e3600af5
  Moya: d563900afec2af867c6379c407c2cf4900622c28
  Nimble: 7f5a9c447a33002645a071bddafbfb24ea70e0ac
  Nimble-Snapshots: f5459b5b091678dc942d03ec4741cacb58ba4a52
  Quick: 58d203b1c5e27fff7229c4c1ae445ad7069a7a08
  Result: d2d07204ce72856f1fd9130bbe42c35a7b0fea10
  Reusable: 584a5629747c52e0f6a77841b400dc2643f6fa0f
  RxCocoa: a0a09f45d0e5b48ecb6a4a7b4b4c89c88d3f633f
  RxSwift: 18ee9d78b45edb3b0b7e79916b47a116e6dbc842
  SwiftyJSON: 070dabdcb1beb81b247c65ffa3a79dbbfb3b48aa
  YoutubeSourceParserKit: d1506222a62718ed41f18ab52ebbc1b1d9ecabcc

PODFILE CHECKSUM: 00f32b82bdf433b5952e7702b30f11039d5b2b2b

COCOAPODS: 1.5.2
